
Microsoft Visual Studio Solution File, Format Version 12.00
# Visual Studio Version 17
VisualStudioVersion = 17.5.002.0
MinimumVisualStudioVersion = 10.0.40219.1
Project("{2150E333-8FDC-42A3-9474-1A3956D46DE8}") = "samples", "samples", "{D5020C1C-C5E1-44C3-9285-7687C5C21552}"
EndProject
Project("{2150E333-8FDC-42A3-9474-1A3956D46DE8}") = "dotnet", "dotnet", "{50F4184D-4621-405B-AF6A-0F3E93F198A7}"
EndProject
Project("{9A19103F-16F7-4668-BE54-9A1E7A4F7556}") = "05-Nested-Functions-In-Prompts", "samples\dotnet\05-Nested-Functions-In-Prompts\05-Nested-Functions-In-Prompts.csproj", "{D3F29788-75FE-410E-A858-9D26963E0DB4}"
EndProject
Project("{9A19103F-16F7-4668-BE54-9A1E7A4F7556}") = "04-Serializing-Semantic-Functions", "samples\dotnet\04-Serializing-Semantic-Functions\04-Serializing-Semantic-Functions.csproj", "{7A4EF630-44F2-4D00-96E4-2B0C98152FB8}"
EndProject
Project("{9A19103F-16F7-4668-BE54-9A1E7A4F7556}") = "01-Kernel-Intro", "samples\dotnet\01-Kernel-Intro\01-Kernel-Intro.csproj", "{27ABE625-D6D3-46B9-A45E-968AC7A4C3A1}"
EndProject
Project("{9A19103F-16F7-4668-BE54-9A1E7A4F7556}") = "08-Native-Functions-with-Context", "samples\dotnet\08-Native-Functions-with-Context\08-Native-Functions-with-Context.csproj", "{5F1BD319-7244-4E4F-8C0C-43AD335F4D5F}"
EndProject
Project("{9A19103F-16F7-4668-BE54-9A1E7A4F7556}") = "11-Planner", "samples\dotnet\11-Planner\11-Planner.csproj", "{1C37EADA-45BE-491F-B0BC-131CB3FE58CE}"
EndProject
Project("{9A19103F-16F7-4668-BE54-9A1E7A4F7556}") = "02-Adding-AI-Services", "samples\dotnet\02-Adding-AI-Services\02-Adding-AI-Services.csproj", "{0A4AF252-B9BC-4D0C-9AD4-8DA11F022D56}"
EndProject
Project("{9A19103F-16F7-4668-BE54-9A1E7A4F7556}") = "10-Chaining-Functions", "samples\dotnet\10-Chaining-Functions\10-Chaining-Functions.csproj", "{65AC95D1-65EC-46A2-AC90-4A45BD11B88B}"
EndProject
Project("{9A19103F-16F7-4668-BE54-9A1E7A4F7556}") = "03-Intro-to-Prompts", "samples\dotnet\03-Intro-to-Prompts\03-Intro-to-Prompts.csproj", "{A866A455-2A72-4BB6-9572-0424B73DCD99}"
EndProject
Project("{9A19103F-16F7-4668-BE54-9A1E7A4F7556}") = "15-Using-Context-for-Chat", "samples\dotnet\15-Using-Context-for-Chat\15-Using-Context-for-Chat.csproj", "{0EAABCC5-FD3E-42C6-8BF6-BE267393547C}"
EndProject
Project("{9A19103F-16F7-4668-BE54-9A1E7A4F7556}") = "07-Simple-Native-Functions", "samples\dotnet\07-Simple-Native-Functions\07-Simple-Native-Functions.csproj", "{88F66583-45B2-4B10-8D02-35C9808C643F}"
EndProject
Project("{9A19103F-16F7-4668-BE54-9A1E7A4F7556}") = "09-Calling-Nested-Functions-in-Native-Functions", "samples\dotnet\09-Calling-Nested-Functions-in-Native-Functions\09-Calling-Nested-Functions-in-Native-Functions.csproj", "{2A531F4E-244C-4D9A-BC8B-009B0F77840C}"
EndProject
Project("{9A19103F-16F7-4668-BE54-9A1E7A4F7556}") = "04-Templatizing-Prompts", "samples\dotnet\04-Templatizing-Prompts\04-Templatizing-Prompts.csproj", "{CE17D957-04F6-4813-8CB1-33ECF2D0CAD7}"
EndProject
Project("{2150E333-8FDC-42A3-9474-1A3956D46DE8}") = "14-Create-ChatGPT-Plugin", "14-Create-ChatGPT-Plugin", "{0460D6D8-48F3-4FC6-A2C5-FE498154DA43}"
EndProject
Project("{9A19103F-16F7-4668-BE54-9A1E7A4F7556}") = "14-Create-ChatGPT-Plugin", "samples\dotnet\14-Create-ChatGPT-Plugin\Solution\14-Create-ChatGPT-Plugin.csproj", "{07AFA7EA-545A-490A-A4C0-AC6866DF9FDB}"
EndProject
Project("{2150E333-8FDC-42A3-9474-1A3956D46DE8}") = "MathPlugin", "MathPlugin", "{6564BDFD-8199-4FD7-9514-D749C45D8340}"
EndProject
Project("{9A19103F-16F7-4668-BE54-9A1E7A4F7556}") = "sk-chatgpt-azure-function", "samples\dotnet\14-Create-ChatGPT-Plugin\MathPlugin\azure-function\sk-chatgpt-azure-function.csproj", "{25A50962-4D5A-4465-BBD1-EA87C016F6D3}"
EndProject
Project("{9A19103F-16F7-4668-BE54-9A1E7A4F7556}") = "semantic-functions-generator", "samples\dotnet\14-Create-ChatGPT-Plugin\MathPlugin\semantic-functions-generator\semantic-functions-generator.csproj", "{8268AB69-32F0-4B29-B585-7BCC89A5FCBD}"
EndProject
Global
	GlobalSection(SolutionConfigurationPlatforms) = preSolution
		Debug|Any CPU = Debug|Any CPU
		Release|Any CPU = Release|Any CPU
	EndGlobalSection
	GlobalSection(ProjectConfigurationPlatforms) = postSolution
		{D3F29788-75FE-410E-A858-9D26963E0DB4}.Debug|Any CPU.ActiveCfg = Debug|Any CPU
		{D3F29788-75FE-410E-A858-9D26963E0DB4}.Debug|Any CPU.Build.0 = Debug|Any CPU
		{D3F29788-75FE-410E-A858-9D26963E0DB4}.Release|Any CPU.ActiveCfg = Release|Any CPU
		{D3F29788-75FE-410E-A858-9D26963E0DB4}.Release|Any CPU.Build.0 = Release|Any CPU
		{7A4EF630-44F2-4D00-96E4-2B0C98152FB8}.Debug|Any CPU.ActiveCfg = Debug|Any CPU
		{7A4EF630-44F2-4D00-96E4-2B0C98152FB8}.Debug|Any CPU.Build.0 = Debug|Any CPU
		{7A4EF630-44F2-4D00-96E4-2B0C98152FB8}.Release|Any CPU.ActiveCfg = Release|Any CPU
		{7A4EF630-44F2-4D00-96E4-2B0C98152FB8}.Release|Any CPU.Build.0 = Release|Any CPU
		{27ABE625-D6D3-46B9-A45E-968AC7A4C3A1}.Debug|Any CPU.ActiveCfg = Debug|Any CPU
		{27ABE625-D6D3-46B9-A45E-968AC7A4C3A1}.Debug|Any CPU.Build.0 = Debug|Any CPU
		{27ABE625-D6D3-46B9-A45E-968AC7A4C3A1}.Release|Any CPU.ActiveCfg = Release|Any CPU
		{27ABE625-D6D3-46B9-A45E-968AC7A4C3A1}.Release|Any CPU.Build.0 = Release|Any CPU
		{5F1BD319-7244-4E4F-8C0C-43AD335F4D5F}.Debug|Any CPU.ActiveCfg = Debug|Any CPU
		{5F1BD319-7244-4E4F-8C0C-43AD335F4D5F}.Debug|Any CPU.Build.0 = Debug|Any CPU
		{5F1BD319-7244-4E4F-8C0C-43AD335F4D5F}.Release|Any CPU.ActiveCfg = Release|Any CPU
		{5F1BD319-7244-4E4F-8C0C-43AD335F4D5F}.Release|Any CPU.Build.0 = Release|Any CPU
		{1C37EADA-45BE-491F-B0BC-131CB3FE58CE}.Debug|Any CPU.ActiveCfg = Debug|Any CPU
		{1C37EADA-45BE-491F-B0BC-131CB3FE58CE}.Debug|Any CPU.Build.0 = Debug|Any CPU
		{1C37EADA-45BE-491F-B0BC-131CB3FE58CE}.Release|Any CPU.ActiveCfg = Release|Any CPU
		{1C37EADA-45BE-491F-B0BC-131CB3FE58CE}.Release|Any CPU.Build.0 = Release|Any CPU
		{0A4AF252-B9BC-4D0C-9AD4-8DA11F022D56}.Debug|Any CPU.ActiveCfg = Debug|Any CPU
		{0A4AF252-B9BC-4D0C-9AD4-8DA11F022D56}.Debug|Any CPU.Build.0 = Debug|Any CPU
		{0A4AF252-B9BC-4D0C-9AD4-8DA11F022D56}.Release|Any CPU.ActiveCfg = Release|Any CPU
		{0A4AF252-B9BC-4D0C-9AD4-8DA11F022D56}.Release|Any CPU.Build.0 = Release|Any CPU
		{65AC95D1-65EC-46A2-AC90-4A45BD11B88B}.Debug|Any CPU.ActiveCfg = Debug|Any CPU
		{65AC95D1-65EC-46A2-AC90-4A45BD11B88B}.Debug|Any CPU.Build.0 = Debug|Any CPU
		{65AC95D1-65EC-46A2-AC90-4A45BD11B88B}.Release|Any CPU.ActiveCfg = Release|Any CPU
		{65AC95D1-65EC-46A2-AC90-4A45BD11B88B}.Release|Any CPU.Build.0 = Release|Any CPU
		{A866A455-2A72-4BB6-9572-0424B73DCD99}.Debug|Any CPU.ActiveCfg = Debug|Any CPU
		{A866A455-2A72-4BB6-9572-0424B73DCD99}.Debug|Any CPU.Build.0 = Debug|Any CPU
		{A866A455-2A72-4BB6-9572-0424B73DCD99}.Release|Any CPU.ActiveCfg = Release|Any CPU
		{A866A455-2A72-4BB6-9572-0424B73DCD99}.Release|Any CPU.Build.0 = Release|Any CPU
		{0EAABCC5-FD3E-42C6-8BF6-BE267393547C}.Debug|Any CPU.ActiveCfg = Debug|Any CPU
		{0EAABCC5-FD3E-42C6-8BF6-BE267393547C}.Debug|Any CPU.Build.0 = Debug|Any CPU
		{0EAABCC5-FD3E-42C6-8BF6-BE267393547C}.Release|Any CPU.ActiveCfg = Release|Any CPU
		{0EAABCC5-FD3E-42C6-8BF6-BE267393547C}.Release|Any CPU.Build.0 = Release|Any CPU
		{88F66583-45B2-4B10-8D02-35C9808C643F}.Debug|Any CPU.ActiveCfg = Debug|Any CPU
		{88F66583-45B2-4B10-8D02-35C9808C643F}.Debug|Any CPU.Build.0 = Debug|Any CPU
		{88F66583-45B2-4B10-8D02-35C9808C643F}.Release|Any CPU.ActiveCfg = Release|Any CPU
		{88F66583-45B2-4B10-8D02-35C9808C643F}.Release|Any CPU.Build.0 = Release|Any CPU
		{2A531F4E-244C-4D9A-BC8B-009B0F77840C}.Debug|Any CPU.ActiveCfg = Debug|Any CPU
		{2A531F4E-244C-4D9A-BC8B-009B0F77840C}.Debug|Any CPU.Build.0 = Debug|Any CPU
		{2A531F4E-244C-4D9A-BC8B-009B0F77840C}.Release|Any CPU.ActiveCfg = Release|Any CPU
		{2A531F4E-244C-4D9A-BC8B-009B0F77840C}.Release|Any CPU.Build.0 = Release|Any CPU
		{CE17D957-04F6-4813-8CB1-33ECF2D0CAD7}.Debug|Any CPU.ActiveCfg = Debug|Any CPU
		{CE17D957-04F6-4813-8CB1-33ECF2D0CAD7}.Debug|Any CPU.Build.0 = Debug|Any CPU
		{CE17D957-04F6-4813-8CB1-33ECF2D0CAD7}.Release|Any CPU.ActiveCfg = Release|Any CPU
		{CE17D957-04F6-4813-8CB1-33ECF2D0CAD7}.Release|Any CPU.Build.0 = Release|Any CPU
		{07AFA7EA-545A-490A-A4C0-AC6866DF9FDB}.Debug|Any CPU.ActiveCfg = Debug|Any CPU
		{07AFA7EA-545A-490A-A4C0-AC6866DF9FDB}.Debug|Any CPU.Build.0 = Debug|Any CPU
		{07AFA7EA-545A-490A-A4C0-AC6866DF9FDB}.Release|Any CPU.ActiveCfg = Release|Any CPU
		{07AFA7EA-545A-490A-A4C0-AC6866DF9FDB}.Release|Any CPU.Build.0 = Release|Any CPU
		{25A50962-4D5A-4465-BBD1-EA87C016F6D3}.Debug|Any CPU.ActiveCfg = Debug|Any CPU
		{25A50962-4D5A-4465-BBD1-EA87C016F6D3}.Debug|Any CPU.Build.0 = Debug|Any CPU
		{25A50962-4D5A-4465-BBD1-EA87C016F6D3}.Release|Any CPU.ActiveCfg = Release|Any CPU
		{25A50962-4D5A-4465-BBD1-EA87C016F6D3}.Release|Any CPU.Build.0 = Release|Any CPU
		{8268AB69-32F0-4B29-B585-7BCC89A5FCBD}.Debug|Any CPU.ActiveCfg = Debug|Any CPU
		{8268AB69-32F0-4B29-B585-7BCC89A5FCBD}.Debug|Any CPU.Build.0 = Debug|Any CPU
		{8268AB69-32F0-4B29-B585-7BCC89A5FCBD}.Release|Any CPU.ActiveCfg = Release|Any CPU
		{8268AB69-32F0-4B29-B585-7BCC89A5FCBD}.Release|Any CPU.Build.0 = Release|Any CPU
	EndGlobalSection
	GlobalSection(SolutionProperties) = preSolution
		HideSolutionNode = FALSE
	EndGlobalSection
	GlobalSection(NestedProjects) = preSolution
		{50F4184D-4621-405B-AF6A-0F3E93F198A7} = {D5020C1C-C5E1-44C3-9285-7687C5C21552}
		{D3F29788-75FE-410E-A858-9D26963E0DB4} = {50F4184D-4621-405B-AF6A-0F3E93F198A7}
		{7A4EF630-44F2-4D00-96E4-2B0C98152FB8} = {50F4184D-4621-405B-AF6A-0F3E93F198A7}
		{27ABE625-D6D3-46B9-A45E-968AC7A4C3A1} = {50F4184D-4621-405B-AF6A-0F3E93F198A7}
		{5F1BD319-7244-4E4F-8C0C-43AD335F4D5F} = {50F4184D-4621-405B-AF6A-0F3E93F198A7}
		{1C37EADA-45BE-491F-B0BC-131CB3FE58CE} = {50F4184D-4621-405B-AF6A-0F3E93F198A7}
		{0A4AF252-B9BC-4D0C-9AD4-8DA11F022D56} = {50F4184D-4621-405B-AF6A-0F3E93F198A7}
		{65AC95D1-65EC-46A2-AC90-4A45BD11B88B} = {50F4184D-4621-405B-AF6A-0F3E93F198A7}
		{A866A455-2A72-4BB6-9572-0424B73DCD99} = {50F4184D-4621-405B-AF6A-0F3E93F198A7}
		{0EAABCC5-FD3E-42C6-8BF6-BE267393547C} = {50F4184D-4621-405B-AF6A-0F3E93F198A7}
		{88F66583-45B2-4B10-8D02-35C9808C643F} = {50F4184D-4621-405B-AF6A-0F3E93F198A7}
		{2A531F4E-244C-4D9A-BC8B-009B0F77840C} = {50F4184D-4621-405B-AF6A-0F3E93F198A7}
		{CE17D957-04F6-4813-8CB1-33ECF2D0CAD7} = {50F4184D-4621-405B-AF6A-0F3E93F198A7}
		{0460D6D8-48F3-4FC6-A2C5-FE498154DA43} = {50F4184D-4621-405B-AF6A-0F3E93F198A7}
		{07AFA7EA-545A-490A-A4C0-AC6866DF9FDB} = {0460D6D8-48F3-4FC6-A2C5-FE498154DA43}
		{6564BDFD-8199-4FD7-9514-D749C45D8340} = {0460D6D8-48F3-4FC6-A2C5-FE498154DA43}
		{25A50962-4D5A-4465-BBD1-EA87C016F6D3} = {6564BDFD-8199-4FD7-9514-D749C45D8340}
		{8268AB69-32F0-4B29-B585-7BCC89A5FCBD} = {6564BDFD-8199-4FD7-9514-D749C45D8340}
	EndGlobalSection
	GlobalSection(ExtensibilityGlobals) = postSolution
		SolutionGuid = {DDC042ED-DBAA-4B63-BD21-275D8D27EA11}
	EndGlobalSection
EndGlobal
