
Microsoft Visual Studio Solution File, Format Version 12.00
# Visual Studio Version 17
VisualStudioVersion = 17.5.002.0
MinimumVisualStudioVersion = 10.0.40219.1
Project("{9A19103F-16F7-4668-BE54-9A1E7A4F7556}") = "06-Configuring-Prompts", "06-Configuring-Prompts.csproj", "{77C91D01-0FC9-4FE2-BD53-CEEA1FD2B8AD}"
EndProject
Global
	GlobalSection(SolutionConfigurationPlatforms) = preSolution
		Debug|Any CPU = Debug|Any CPU
		Release|Any CPU = Release|Any CPU
	EndGlobalSection
	GlobalSection(ProjectConfigurationPlatforms) = postSolution
		{77C91D01-0FC9-4FE2-BD53-CEEA1FD2B8AD}.Debug|Any CPU.ActiveCfg = Debug|Any CPU
		{77C91D01-0FC9-4FE2-BD53-CEEA1FD2B8AD}.Debug|Any CPU.Build.0 = Debug|Any CPU
		{77C91D01-0FC9-4FE2-BD53-CEEA1FD2B8AD}.Release|Any CPU.ActiveCfg = Release|Any CPU
		{77C91D01-0FC9-4FE2-BD53-CEEA1FD2B8AD}.Release|Any CPU.Build.0 = Release|Any CPU
	EndGlobalSection
	GlobalSection(SolutionProperties) = preSolution
		HideSolutionNode = FALSE
	EndGlobalSection
	GlobalSection(ExtensibilityGlobals) = postSolution
		SolutionGuid = {6F7A5270-3DC0-488D-B9F8-50200CD5AC2A}
	EndGlobalSection
EndGlobal
